
Microsoft Visual Studio Solution File, Format Version 12.00
# Visual Studio Version 17
VisualStudioVersion = 17.11.35312.102
MinimumVisualStudioVersion = 10.0.40219.1
Project("{8BC9CEB8-8B4A-11D0-8D11-00A0C91BC942}") = "MyLibrary", "TestDLL.vcxproj", "{E7A4568E-402E-423D-A0B5-1FD8DC235972}"
EndProject
Project("{8BC9CEB8-8B4A-11D0-8D11-00A0C91BC942}") = "DLLApp", "..\DLLApp\DLLApp.vcxproj", "{123793DC-CCDC-43CB-A700-0170DEC13840}"
EndProject
Project("{8BC9CEB8-8B4A-11D0-8D11-00A0C91BC942}") = "InjectLibrary", "..\InjectLibrary\InjectLibrary.vcxproj", "{757A0CB4-5A0A-426E-ACEF-EE24D38B2E3F}"
EndProject
Project("{8BC9CEB8-8B4A-11D0-8D11-00A0C91BC942}") = "DLLInjector", "..\DLLInjector\DLLInjector.vcxproj", "{173A4632-CF8E-44E0-AC85-C411A0AB7D58}"
EndProject
Global
	GlobalSection(SolutionConfigurationPlatforms) = preSolution
		Debug|x64 = Debug|x64
		Debug|x86 = Debug|x86
		Release|x64 = Release|x64
		Release|x86 = Release|x86
	EndGlobalSection
	GlobalSection(ProjectConfigurationPlatforms) = postSolution
		{E7A4568E-402E-423D-A0B5-1FD8DC235972}.Debug|x64.ActiveCfg = Debug|x64
		{E7A4568E-402E-423D-A0B5-1FD8DC235972}.Debug|x64.Build.0 = Debug|x64
		{E7A4568E-402E-423D-A0B5-1FD8DC235972}.Debug|x86.ActiveCfg = Debug|Win32
		{E7A4568E-402E-423D-A0B5-1FD8DC235972}.Debug|x86.Build.0 = Debug|Win32
		{E7A4568E-402E-423D-A0B5-1FD8DC235972}.Release|x64.ActiveCfg = Release|x64
		{E7A4568E-402E-423D-A0B5-1FD8DC235972}.Release|x64.Build.0 = Release|x64
		{E7A4568E-402E-423D-A0B5-1FD8DC235972}.Release|x86.ActiveCfg = Release|Win32
		{E7A4568E-402E-423D-A0B5-1FD8DC235972}.Release|x86.Build.0 = Release|Win32
		{123793DC-CCDC-43CB-A700-0170DEC13840}.Debug|x64.ActiveCfg = Debug|x64
		{123793DC-CCDC-43CB-A700-0170DEC13840}.Debug|x64.Build.0 = Debug|x64
		{123793DC-CCDC-43CB-A700-0170DEC13840}.Debug|x86.ActiveCfg = Debug|Win32
		{123793DC-CCDC-43CB-A700-0170DEC13840}.Debug|x86.Build.0 = Debug|Win32
		{123793DC-CCDC-43CB-A700-0170DEC13840}.Release|x64.ActiveCfg = Release|x64
		{123793DC-CCDC-43CB-A700-0170DEC13840}.Release|x64.Build.0 = Release|x64
		{123793DC-CCDC-43CB-A700-0170DEC13840}.Release|x86.ActiveCfg = Release|Win32
		{123793DC-CCDC-43CB-A700-0170DEC13840}.Release|x86.Build.0 = Release|Win32
		{757A0CB4-5A0A-426E-ACEF-EE24D38B2E3F}.Debug|x64.ActiveCfg = Debug|x64
		{757A0CB4-5A0A-426E-ACEF-EE24D38B2E3F}.Debug|x64.Build.0 = Debug|x64
		{757A0CB4-5A0A-426E-ACEF-EE24D38B2E3F}.Debug|x86.ActiveCfg = Debug|Win32
		{757A0CB4-5A0A-426E-ACEF-EE24D38B2E3F}.Debug|x86.Build.0 = Debug|Win32
		{757A0CB4-5A0A-426E-ACEF-EE24D38B2E3F}.Release|x64.ActiveCfg = Release|x64
		{757A0CB4-5A0A-426E-ACEF-EE24D38B2E3F}.Release|x64.Build.0 = Release|x64
		{757A0CB4-5A0A-426E-ACEF-EE24D38B2E3F}.Release|x86.ActiveCfg = Release|Win32
		{757A0CB4-5A0A-426E-ACEF-EE24D38B2E3F}.Release|x86.Build.0 = Release|Win32
		{173A4632-CF8E-44E0-AC85-C411A0AB7D58}.Debug|x64.ActiveCfg = Debug|x64
		{173A4632-CF8E-44E0-AC85-C411A0AB7D58}.Debug|x64.Build.0 = Debug|x64
		{173A4632-CF8E-44E0-AC85-C411A0AB7D58}.Debug|x86.ActiveCfg = Debug|Win32
		{173A4632-CF8E-44E0-AC85-C411A0AB7D58}.Debug|x86.Build.0 = Debug|Win32
		{173A4632-CF8E-44E0-AC85-C411A0AB7D58}.Release|x64.ActiveCfg = Release|x64
		{173A4632-CF8E-44E0-AC85-C411A0AB7D58}.Release|x64.Build.0 = Release|x64
		{173A4632-CF8E-44E0-AC85-C411A0AB7D58}.Release|x86.ActiveCfg = Release|Win32
		{173A4632-CF8E-44E0-AC85-C411A0AB7D58}.Release|x86.Build.0 = Release|Win32
	EndGlobalSection
	GlobalSection(SolutionProperties) = preSolution
		HideSolutionNode = FALSE
	EndGlobalSection
	GlobalSection(ExtensibilityGlobals) = postSolution
		SolutionGuid = {1E490064-BC59-48A4-BB49-1E71703E85F8}
	EndGlobalSection
EndGlobal
